
Microsoft Visual Studio Solution File, Format Version 12.00
# Visual Studio Version 16
VisualStudioVersion = 16.0.30204.135
MinimumVisualStudioVersion = 10.0.40219.1
Project("{FAE04EC0-301F-11D3-BF4B-00C04F79EFBC}") = "WebApplication3", "WebApplication3\WebApplication3.csproj", "{AA0422E7-176F-4CC8-81F1-659438AED2BC}"
EndProject
Global
	GlobalSection(SolutionConfigurationPlatforms) = preSolution
		Debug|Any CPU = Debug|Any CPU
		Release|Any CPU = Release|Any CPU
	EndGlobalSection
	GlobalSection(ProjectConfigurationPlatforms) = postSolution
		{AA0422E7-176F-4CC8-81F1-659438AED2BC}.Debug|Any CPU.ActiveCfg = Debug|Any CPU
		{AA0422E7-176F-4CC8-81F1-659438AED2BC}.Debug|Any CPU.Build.0 = Debug|Any CPU
		{AA0422E7-176F-4CC8-81F1-659438AED2BC}.Release|Any CPU.ActiveCfg = Release|Any CPU
		{AA0422E7-176F-4CC8-81F1-659438AED2BC}.Release|Any CPU.Build.0 = Release|Any CPU
	EndGlobalSection
	GlobalSection(SolutionProperties) = preSolution
		HideSolutionNode = FALSE
	EndGlobalSection
	GlobalSection(ExtensibilityGlobals) = postSolution
		SolutionGuid = {DD4BFC06-EC18-4EC2-BA27-49B8E84EF6F8}
	EndGlobalSection
EndGlobal
